// !$*UTF8*$!
{
	archiveVersion = 1;
	classes = {
	};
	objectVersion = 50;
	objects = {

/* Begin PBXBuildFile section */
		A1DDA6AE266641810097BA85 /* AppDelegate.swift in Sources */ = {isa = PBXBuildFile; fileRef = A1DDA6AD266641810097BA85 /* AppDelegate.swift */; };
		A1DDA6B0266641810097BA85 /* SceneDelegate.swift in Sources */ = {isa = PBXBuildFile; fileRef = A1DDA6AF266641810097BA85 /* SceneDelegate.swift */; };
		A1DDA6B2266641810097BA85 /* ViewController.swift in Sources */ = {isa = PBXBuildFile; fileRef = A1DDA6B1266641810097BA85 /* ViewController.swift */; };
		A1DDA6B5266641810097BA85 /* Main.storyboard in Resources */ = {isa = PBXBuildFile; fileRef = A1DDA6B3266641810097BA85 /* Main.storyboard */; };
		A1DDA6B7266641830097BA85 /* Assets.xcassets in Resources */ = {isa = PBXBuildFile; fileRef = A1DDA6B6266641830097BA85 /* Assets.xcassets */; };
		A1DDA6BA266641830097BA85 /* LaunchScreen.storyboard in Resources */ = {isa = PBXBuildFile; fileRef = A1DDA6B8266641830097BA85 /* LaunchScreen.storyboard */; };
		A1DDA6C22666430B0097BA85 /* WholeHospitalTableViewController.swift in Sources */ = {isa = PBXBuildFile; fileRef = A1DDA6C12666430B0097BA85 /* WholeHospitalTableViewController.swift */; };
		A1DDA6C42666476F0097BA85 /* SelectSiGunGuViewController.swift in Sources */ = {isa = PBXBuildFile; fileRef = A1DDA6C32666476F0097BA85 /* SelectSiGunGuViewController.swift */; };
/* End PBXBuildFile section */

/* Begin PBXFileReference section */
		A1DDA6AA266641810097BA85 /* HospitalApp.app */ = {isa = PBXFileReference; explicitFileType = wrapper.application; includeInIndex = 0; path = HospitalApp.app; sourceTree = BUILT_PRODUCTS_DIR; };
		A1DDA6AD266641810097BA85 /* AppDelegate.swift */ = {isa = PBXFileReference; lastKnownFileType = sourcecode.swift; path = AppDelegate.swift; sourceTree = "<group>"; };
		A1DDA6AF266641810097BA85 /* SceneDelegate.swift */ = {isa = PBXFileReference; lastKnownFileType = sourcecode.swift; path = SceneDelegate.swift; sourceTree = "<group>"; };
		A1DDA6B1266641810097BA85 /* ViewController.swift */ = {isa = PBXFileReference; lastKnownFileType = sourcecode.swift; path = ViewController.swift; sourceTree = "<group>"; };
		A1DDA6B4266641810097BA85 /* Base */ = {isa = PBXFileReference; lastKnownFileType = file.storyboard; name = Base; path = Base.lproj/Main.storyboard; sourceTree = "<group>"; };
		A1DDA6B6266641830097BA85 /* Assets.xcassets */ = {isa = PBXFileReference; lastKnownFileType = folder.assetcatalog; path = Assets.xcassets; sourceTree = "<group>"; };
		A1DDA6B9266641830097BA85 /* Base */ = {isa = PBXFileReference; lastKnownFileType = file.storyboard; name = Base; path = Base.lproj/LaunchScreen.storyboard; sourceTree = "<group>"; };
		A1DDA6BB266641830097BA85 /* Info.plist */ = {isa = PBXFileReference; lastKnownFileType = text.plist.xml; path = Info.plist; sourceTree = "<group>"; };
		A1DDA6C12666430B0097BA85 /* WholeHospitalTableViewController.swift */ = {isa = PBXFileReference; lastKnownFileType = sourcecode.swift; path = WholeHospitalTableViewController.swift; sourceTree = "<group>"; };
		A1DDA6C32666476F0097BA85 /* SelectSiGunGuViewController.swift */ = {isa = PBXFileReference; lastKnownFileType = sourcecode.swift; path = SelectSiGunGuViewController.swift; sourceTree = "<group>"; };
/* End PBXFileReference section */

/* Begin PBXFrameworksBuildPhase section */
		A1DDA6A7266641810097BA85 /* Frameworks */ = {
			isa = PBXFrameworksBuildPhase;
			buildActionMask = 2147483647;
			files = (
			);
			runOnlyForDeploymentPostprocessing = 0;
		};
/* End PBXFrameworksBuildPhase section */

/* Begin PBXGroup section */
		A1DDA6A1266641810097BA85 = {
			isa = PBXGroup;
			children = (
				A1DDA6AC266641810097BA85 /* HospitalApp */,
				A1DDA6AB266641810097BA85 /* Products */,
			);
			sourceTree = "<group>";
		};
		A1DDA6AB266641810097BA85 /* Products */ = {
			isa = PBXGroup;
			children = (
				A1DDA6AA266641810097BA85 /* HospitalApp.app */,
			);
			name = Products;
			sourceTree = "<group>";
		};
		A1DDA6AC266641810097BA85 /* HospitalApp */ = {
			isa = PBXGroup;
			children = (
				A1DDA6AD266641810097BA85 /* AppDelegate.swift */,
				A1DDA6AF266641810097BA85 /* SceneDelegate.swift */,
				A1DDA6B1266641810097BA85 /* ViewController.swift */,
				A1DDA6B3266641810097BA85 /* Main.storyboard */,
				A1DDA6B6266641830097BA85 /* Assets.xcassets */,
				A1DDA6B8266641830097BA85 /* LaunchScreen.storyboard */,
				A1DDA6BB266641830097BA85 /* Info.plist */,
				A1DDA6C12666430B0097BA85 /* WholeHospitalTableViewController.swift */,
				A1DDA6C32666476F0097BA85 /* SelectSiGunGuViewController.swift */,
			);
			path = HospitalApp;
			sourceTree = "<group>";
		};
/* End PBXGroup section */

/* Begin PBXNativeTarget section */
		A1DDA6A9266641810097BA85 /* HospitalApp */ = {
			isa = PBXNativeTarget;
			buildConfigurationList = A1DDA6BE266641830097BA85 /* Build configuration list for PBXNativeTarget "HospitalApp" */;
			buildPhases = (
				A1DDA6A6266641810097BA85 /* Sources */,
				A1DDA6A7266641810097BA85 /* Frameworks */,
				A1DDA6A8266641810097BA85 /* Resources */,
			);
			buildRules = (
			);
			dependencies = (
			);
			name = HospitalApp;
			productName = HospitalApp;
			productReference = A1DDA6AA266641810097BA85 /* HospitalApp.app */;
			productType = "com.apple.product-type.application";
		};
/* End PBXNativeTarget section */

/* Begin PBXProject section */
		A1DDA6A2266641810097BA85 /* Project object */ = {
			isa = PBXProject;
			attributes = {
				LastSwiftUpdateCheck = 1150;
				LastUpgradeCheck = 1150;
				ORGANIZATIONNAME = junhyeok.2021smartphone;
				TargetAttributes = {
					A1DDA6A9266641810097BA85 = {
						CreatedOnToolsVersion = 11.5;
					};
				};
			};
			buildConfigurationList = A1DDA6A5266641810097BA85 /* Build configuration list for PBXProject "HospitalApp" */;
			compatibilityVersion = "Xcode 9.3";
			developmentRegion = en;
			hasScannedForEncodings = 0;
			knownRegions = (
				en,
				Base,
			);
			mainGroup = A1DDA6A1266641810097BA85;
			productRefGroup = A1DDA6AB266641810097BA85 /* Products */;
			projectDirPath = "";
			projectRoot = "";
			targets = (
				A1DDA6A9266641810097BA85 /* HospitalApp */,
			);
		};
/* End PBXProject section */

/* Begin PBXResourcesBuildPhase section */
		A1DDA6A8266641810097BA85 /* Resources */ = {
			isa = PBXResourcesBuildPhase;
			buildActionMask = 2147483647;
			files = (
				A1DDA6BA266641830097BA85 /* LaunchScreen.storyboard in Resources */,
				A1DDA6B7266641830097BA85 /* Assets.xcassets in Resources */,
				A1DDA6B5266641810097BA85 /* Main.storyboard in Resources */,
			);
			runOnlyForDeploymentPostprocessing = 0;
		};
/* End PBXResourcesBuildPhase section */

/* Begin PBXSourcesBuildPhase section */
		A1DDA6A6266641810097BA85 /* Sources */ = {
			isa = PBXSourcesBuildPhase;
			buildActionMask = 2147483647;
			files = (
				A1DDA6B2266641810097BA85 /* ViewController.swift in Sources */,
				A1DDA6AE266641810097BA85 /* AppDelegate.swift in Sources */,
				A1DDA6B0266641810097BA85 /* SceneDelegate.swift in Sources */,
				A1DDA6C22666430B0097BA85 /* WholeHospitalTableViewController.swift in Sources */,
				A1DDA6C42666476F0097BA85 /* SelectSiGunGuViewController.swift in Sources */,
			);
			runOnlyForDeploymentPostprocessing = 0;
		};
/* End PBXSourcesBuildPhase section */

/* Begin PBXVariantGroup section */
		A1DDA6B3266641810097BA85 /* Main.storyboard */ = {
			isa = PBXVariantGroup;
			children = (
				A1DDA6B4266641810097BA85 /* Base */,
			);
			name = Main.storyboard;
			sourceTree = "<group>";
		};
		A1DDA6B8266641830097BA85 /* LaunchScreen.storyboard */ = {
			isa = PBXVariantGroup;
			children = (
				A1DDA6B9266641830097BA85 /* Base */,
			);
			name = LaunchScreen.storyboard;
			sourceTree = "<group>";
		};
/* End PBXVariantGroup section */

/* Begin XCBuildConfiguration section */
		A1DDA6BC266641830097BA85 /* Debug */ = {
			isa = XCBuildConfiguration;
			buildSettings = {
				ALWAYS_SEARCH_USER_PATHS = NO;
				CLANG_ANALYZER_NONNULL = YES;
				CLANG_ANALYZER_NUMBER_OBJECT_CONVERSION = YES_AGGRESSIVE;
				CLANG_CXX_LANGUAGE_STANDARD = "gnu++14";
				CLANG_CXX_LIBRARY = "libc++";
				CLANG_ENABLE_MODULES = YES;
				CLANG_ENABLE_OBJC_ARC = YES;
				CLANG_ENABLE_OBJC_WEAK = YES;
				CLANG_WARN_BLOCK_CAPTURE_AUTORELEASING = YES;
				CLANG_WARN_BOOL_CONVERSION = YES;
				CLANG_WARN_COMMA = YES;
				CLANG_WARN_CONSTANT_CONVERSION = YES;
				CLANG_WARN_DEPRECATED_OBJC_IMPLEMENTATIONS = YES;
				CLANG_WARN_DIRECT_OBJC_ISA_USAGE = YES_ERROR;
				CLANG_WARN_DOCUMENTATION_COMMENTS = YES;
				CLANG_WARN_EMPTY_BODY = YES;
				CLANG_WARN_ENUM_CONVERSION = YES;
				CLANG_WARN_INFINITE_RECURSION = YES;
				CLANG_WARN_INT_CONVERSION = YES;
				CLANG_WARN_NON_LITERAL_NULL_CONVERSION = YES;
				CLANG_WARN_OBJC_IMPLICIT_RETAIN_SELF = YES;
				CLANG_WARN_OBJC_LITERAL_CONVERSION = YES;
				CLANG_WARN_OBJC_ROOT_CLASS = YES_ERROR;
				CLANG_WARN_RANGE_LOOP_ANALYSIS = YES;
				CLANG_WARN_STRICT_PROTOTYPES = YES;
				CLANG_WARN_SUSPICIOUS_MOVE = YES;
				CLANG_WARN_UNGUARDED_AVAILABILITY = YES_AGGRESSIVE;
				CLANG_WARN_UNREACHABLE_CODE = YES;
				CLANG_WARN__DUPLICATE_METHOD_MATCH = YES;
				COPY_PHASE_STRIP = NO;
				DEBUG_INFORMATION_FORMAT = dwarf;
				ENABLE_STRICT_OBJC_MSGSEND = YES;
				ENABLE_TESTABILITY = YES;
				GCC_C_LANGUAGE_STANDARD = gnu11;
				GCC_DYNAMIC_NO_PIC = NO;
				GCC_NO_COMMON_BLOCKS = YES;
				GCC_OPTIMIZATION_LEVEL = 0;
				GCC_PREPROCESSOR_DEFINITIONS = (
					"DEBUG=1",
					"$(inherited)",
				);
				GCC_WARN_64_TO_32_BIT_CONVERSION = YES;
				GCC_WARN_ABOUT_RETURN_TYPE = YES_ERROR;
				GCC_WARN_UNDECLARED_SELECTOR = YES;
				GCC_WARN_UNINITIALIZED_AUTOS = YES_AGGRESSIVE;
				GCC_WARN_UNUSED_FUNCTION = YES;
				GCC_WARN_UNUSED_VARIABLE = YES;
				IPHONEOS_DEPLOYMENT_TARGET = 13.5;
				MTL_ENABLE_DEBUG_INFO = INCLUDE_SOURCE;
				MTL_FAST_MATH = YES;
				ONLY_ACTIVE_ARCH = YES;
				SDKROOT = iphoneos;
				SWIFT_ACTIVE_COMPILATION_CONDITIONS = DEBUG;
				SWIFT_OPTIMIZATION_LEVEL = "-Onone";
			};
			name = Debug;
		};
		A1DDA6BD266641830097BA85 /* Release */ = {
			isa = XCBuildConfiguration;
			buildSettings = {
				ALWAYS_SEARCH_USER_PATHS = NO;
				CLANG_ANALYZER_NONNULL = YES;
				CLANG_ANALYZER_NUMBER_OBJECT_CONVERSION = YES_AGGRESSIVE;
				CLANG_CXX_LANGUAGE_STANDARD = "gnu++14";
				CLANG_CXX_LIBRARY = "libc++";
				CLANG_ENABLE_MODULES = YES;
				CLANG_ENABLE_OBJC_ARC = YES;
				CLANG_ENABLE_OBJC_WEAK = YES;
				CLANG_WARN_BLOCK_CAPTURE_AUTORELEASING = YES;
				CLANG_WARN_BOOL_CONVERSION = YES;
				CLANG_WARN_COMMA = YES;
				CLANG_WARN_CONSTANT_CONVERSION = YES;
				CLANG_WARN_DEPRECATED_OBJC_IMPLEMENTATIONS = YES;
				CLANG_WARN_DIRECT_OBJC_ISA_USAGE = YES_ERROR;
				CLANG_WARN_DOCUMENTATION_COMMENTS = YES;
				CLANG_WARN_EMPTY_BODY = YES;
				CLANG_WARN_ENUM_CONVERSION = YES;
				CLANG_WARN_INFINITE_RECURSION = YES;
				CLANG_WARN_INT_CONVERSION = YES;
				CLANG_WARN_NON_LITERAL_NULL_CONVERSION = YES;
				CLANG_WARN_OBJC_IMPLICIT_RETAIN_SELF = YES;
				CLANG_WARN_OBJC_LITERAL_CONVERSION = YES;
				CLANG_WARN_OBJC_ROOT_CLASS = YES_ERROR;
				CLANG_WARN_RANGE_LOOP_ANALYSIS = YES;
				CLANG_WARN_STRICT_PROTOTYPES = YES;
				CLANG_WARN_SUSPICIOUS_MOVE = YES;
				CLANG_WARN_UNGUARDED_AVAILABILITY = YES_AGGRESSIVE;
				CLANG_WARN_UNREACHABLE_CODE = YES;
				CLANG_WARN__DUPLICATE_METHOD_MATCH = YES;
				COPY_PHASE_STRIP = NO;
				DEBUG_INFORMATION_FORMAT = "dwarf-with-dsym";
				ENABLE_NS_ASSERTIONS = NO;
				ENABLE_STRICT_OBJC_MSGSEND = YES;
				GCC_C_LANGUAGE_STANDARD = gnu11;
				GCC_NO_COMMON_BLOCKS = YES;
				GCC_WARN_64_TO_32_BIT_CONVERSION = YES;
				GCC_WARN_ABOUT_RETURN_TYPE = YES_ERROR;
				GCC_WARN_UNDECLARED_SELECTOR = YES;
				GCC_WARN_UNINITIALIZED_AUTOS = YES_AGGRESSIVE;
				GCC_WARN_UNUSED_FUNCTION = YES;
				GCC_WARN_UNUSED_VARIABLE = YES;
				IPHONEOS_DEPLOYMENT_TARGET = 13.5;
				MTL_ENABLE_DEBUG_INFO = NO;
				MTL_FAST_MATH = YES;
				SDKROOT = iphoneos;
				SWIFT_COMPILATION_MODE = wholemodule;
				SWIFT_OPTIMIZATION_LEVEL = "-O";
				VALIDATE_PRODUCT = YES;
			};
			name = Release;
		};
		A1DDA6BF266641830097BA85 /* Debug */ = {
			isa = XCBuildConfiguration;
			buildSettings = {
				ASSETCATALOG_COMPILER_APPICON_NAME = AppIcon;
				CODE_SIGN_STYLE = Automatic;
				DEVELOPMENT_TEAM = 732T7D952R;
				INFOPLIST_FILE = HospitalApp/Info.plist;
				LD_RUNPATH_SEARCH_PATHS = (
					"$(inherited)",
					"@executable_path/Frameworks",
				);
				PRODUCT_BUNDLE_IDENTIFIER = ReplaySyndrome.2121class.HospitalApp;
				PRODUCT_NAME = "$(TARGET_NAME)";
				SWIFT_VERSION = 5.0;
				TARGETED_DEVICE_FAMILY = "1,2";
			};
			name = Debug;
		};
		A1DDA6C0266641830097BA85 /* Release */ = {
			isa = XCBuildConfiguration;
			buildSettings = {
				ASSETCATALOG_COMPILER_APPICON_NAME = AppIcon;
				CODE_SIGN_STYLE = Automatic;
				DEVELOPMENT_TEAM = 732T7D952R;
				INFOPLIST_FILE = HospitalApp/Info.plist;
				LD_RUNPATH_SEARCH_PATHS = (
					"$(inherited)",
					"@executable_path/Frameworks",
				);
				PRODUCT_BUNDLE_IDENTIFIER = ReplaySyndrome.2121class.HospitalApp;
				PRODUCT_NAME = "$(TARGET_NAME)";
				SWIFT_VERSION = 5.0;
				TARGETED_DEVICE_FAMILY = "1,2";
			};
			name = Release;
		};
/* End XCBuildConfiguration section */

/* Begin XCConfigurationList section */
		A1DDA6A5266641810097BA85 /* Build configuration list for PBXProject "HospitalApp" */ = {
			isa = XCConfigurationList;
			buildConfigurations = (
				A1DDA6BC266641830097BA85 /* Debug */,
				A1DDA6BD266641830097BA85 /* Release */,
			);
			defaultConfigurationIsVisible = 0;
			defaultConfigurationName = Release;
		};
		A1DDA6BE266641830097BA85 /* Build configuration list for PBXNativeTarget "HospitalApp" */ = {
			isa = XCConfigurationList;
			buildConfigurations = (
				A1DDA6BF266641830097BA85 /* Debug */,
				A1DDA6C0266641830097BA85 /* Release */,
			);
			defaultConfigurationIsVisible = 0;
			defaultConfigurationName = Release;
		};
/* End XCConfigurationList section */
	};
	rootObject = A1DDA6A2266641810097BA85 /* Project object */;
}
